
Microsoft Visual Studio Solution File, Format Version 12.00
# Visual Studio Version 17
VisualStudioVersion = 17.1.32228.430
MinimumVisualStudioVersion = 10.0.40219.1
Project("{FAE04EC0-301F-11D3-BF4B-00C04F79EFBC}") = "WebApplication2", "WebApplication2\WebApplication2.csproj", "{41D97C5F-76EE-4982-A0F2-675EA2EF2C21}"
EndProject
Global
	GlobalSection(SolutionConfigurationPlatforms) = preSolution
		Debug|Any CPU = Debug|Any CPU
		Release|Any CPU = Release|Any CPU
	EndGlobalSection
	GlobalSection(ProjectConfigurationPlatforms) = postSolution
		{41D97C5F-76EE-4982-A0F2-675EA2EF2C21}.Debug|Any CPU.ActiveCfg = Debug|Any CPU
		{41D97C5F-76EE-4982-A0F2-675EA2EF2C21}.Debug|Any CPU.Build.0 = Debug|Any CPU
		{41D97C5F-76EE-4982-A0F2-675EA2EF2C21}.Release|Any CPU.ActiveCfg = Release|Any CPU
		{41D97C5F-76EE-4982-A0F2-675EA2EF2C21}.Release|Any CPU.Build.0 = Release|Any CPU
	EndGlobalSection
	GlobalSection(SolutionProperties) = preSolution
		HideSolutionNode = FALSE
	EndGlobalSection
	GlobalSection(ExtensibilityGlobals) = postSolution
		SolutionGuid = {5DEAB3F1-6FAA-4C4F-9039-7B586F3801D2}
	EndGlobalSection
EndGlobal
